{
  "name": "pet-network-app",
  "lockfileVersion": 3,
  "requires": true,
  "packages": {
    "": {
      "name": "pet-network-app",
      "dependencies": {
        "@sendbird/chat": "^4.12.6",
        "sendbird": "^3.0.126"
      }
    },
    "node_modules/@sendbird/chat": {
      "version": "4.12.6",
      "resolved": "https://registry.npmjs.org/@sendbird/chat/-/chat-4.12.6.tgz",
      "integrity": "sha512-uk3elvSqbbLbVz7fRqPe5ngDyY2+9PGdq4PpEY1p3hzaIajAclET8kJIdjz2ZrYjKy6tbH3uYTUaGcUj34VTqA==",
      "peerDependencies": {
        "@react-native-async-storage/async-storage": "^1.17.6",
        "react-native-mmkv": "^2.12.2"
      },
      "peerDependenciesMeta": {
        "@react-native-async-storage/async-storage": {
          "optional": true
        },
        "react-native-mmkv": {
          "optional": true
        }
      }
    },
    "node_modules/agentkeepalive": {
      "version": "2.2.0",
      "resolved": "https://registry.npmjs.org/agentkeepalive/-/agentkeepalive-2.2.0.tgz",
      "integrity": "sha512-TnB6ziK363p7lR8QpeLC8aMr8EGYBKZTpgzQLfqTs3bR0Oo5VbKdwKf8h0dSzsYrB7lSCgfJnMZKqShvlq5Oyg==",
      "engines": {
        "node": ">= 0.10.0"
      }
    },
    "node_modules/async-limiter": {
      "version": "1.0.1",
      "resolved": "https://registry.npmjs.org/async-limiter/-/async-limiter-1.0.1.tgz",
      "integrity": "sha512-csOlWGAcRFJaI6m+F2WKdnMKr4HhdhFVBk0H/QbJFMCr+uO2kwohwXQPxw/9OCxp05r5ghVBFSyioixx3gfkNQ=="
    },
    "node_modules/sendbird": {
      "version": "3.0.126",
      "resolved": "https://registry.npmjs.org/sendbird/-/sendbird-3.0.126.tgz",
      "integrity": "sha512-S6ZojiEnzllR+BvFRlXdcXuW5ERIy13j7krSHjB8DxfSTHbyNZgwxFehYXGm0JzpE+B45prQNvLQHgB63zNiZQ==",
      "dependencies": {
        "agentkeepalive": "2.2.0",
        "ws": "6.0.0",
        "xhr2": "0.1.4"
      }
    },
    "node_modules/ws": {
      "version": "6.0.0",
      "resolved": "https://registry.npmjs.org/ws/-/ws-6.0.0.tgz",
      "integrity": "sha512-c2UlYcAZp1VS8AORtpq6y4RJIkJ9dQz18W32SpR/qXGfLDZ2jU4y4wKvvZwqbi7U6gxFQTeE+urMbXU/tsDy4w==",
      "dependencies": {
        "async-limiter": "~1.0.0"
      }
    },
    "node_modules/xhr2": {
      "version": "0.1.4",
      "resolved": "https://registry.npmjs.org/xhr2/-/xhr2-0.1.4.tgz",
      "integrity": "sha512-3QGhDryRzTbIDj+waTRvMBe8SyPhW79kz3YnNb+HQt/6LPYQT3zT3Jt0Y8pBofZqQX26x8Ecfv0FXR72uH5VpA==",
      "engines": {
        "node": ">= 0.6"
      }
    }
  }
}
